
Microsoft Visual Studio Solution File, Format Version 12.00
# Visual Studio Version 17
VisualStudioVersion = 17.0.31903.59
MinimumVisualStudioVersion = 10.0.40219.1
Project("{9A19103F-16F7-4668-BE54-9A1E7A4F7556}") = "ProjectManagement.API", "ProjectManagement.API\ProjectManagement.API.csproj", "{8F667203-B2FA-4E92-A5DF-76EB04BE3A12}"
EndProject
Project("{9A19103F-16F7-4668-BE54-9A1E7A4F7556}") = "ProjectManagement.Core", "ProjectManagement.Core\ProjectManagement.Core.csproj", "{4CB570C6-21B8-4D9B-8BDF-2D23141D4A62}"
EndProject
Project("{9A19103F-16F7-4668-BE54-9A1E7A4F7556}") = "ProjectManagement.Infra", "ProjectManagement.Infra\ProjectManagement.Infra.csproj", "{5F0A7E6D-65A8-4192-BB88-5A9660D24BEA}"
EndProject
Project("{E53339B2-1760-4266-BCC7-CA923CBCF16C}") = "docker-compose", "docker-compose.dcproj", "{60B7FF05-BB84-4E78-81BA-E71225FFCB1E}"
EndProject
Global
	GlobalSection(SolutionConfigurationPlatforms) = preSolution
		Debug|Any CPU = Debug|Any CPU
		Release|Any CPU = Release|Any CPU
	EndGlobalSection
	GlobalSection(ProjectConfigurationPlatforms) = postSolution
		{8F667203-B2FA-4E92-A5DF-76EB04BE3A12}.Debug|Any CPU.ActiveCfg = Debug|Any CPU
		{8F667203-B2FA-4E92-A5DF-76EB04BE3A12}.Debug|Any CPU.Build.0 = Debug|Any CPU
		{8F667203-B2FA-4E92-A5DF-76EB04BE3A12}.Release|Any CPU.ActiveCfg = Release|Any CPU
		{8F667203-B2FA-4E92-A5DF-76EB04BE3A12}.Release|Any CPU.Build.0 = Release|Any CPU
		{4CB570C6-21B8-4D9B-8BDF-2D23141D4A62}.Debug|Any CPU.ActiveCfg = Debug|Any CPU
		{4CB570C6-21B8-4D9B-8BDF-2D23141D4A62}.Debug|Any CPU.Build.0 = Debug|Any CPU
		{4CB570C6-21B8-4D9B-8BDF-2D23141D4A62}.Release|Any CPU.ActiveCfg = Release|Any CPU
		{4CB570C6-21B8-4D9B-8BDF-2D23141D4A62}.Release|Any CPU.Build.0 = Release|Any CPU
		{5F0A7E6D-65A8-4192-BB88-5A9660D24BEA}.Debug|Any CPU.ActiveCfg = Debug|Any CPU
		{5F0A7E6D-65A8-4192-BB88-5A9660D24BEA}.Debug|Any CPU.Build.0 = Debug|Any CPU
		{5F0A7E6D-65A8-4192-BB88-5A9660D24BEA}.Release|Any CPU.ActiveCfg = Release|Any CPU
		{5F0A7E6D-65A8-4192-BB88-5A9660D24BEA}.Release|Any CPU.Build.0 = Release|Any CPU
		{60B7FF05-BB84-4E78-81BA-E71225FFCB1E}.Debug|Any CPU.ActiveCfg = Debug|Any CPU
		{60B7FF05-BB84-4E78-81BA-E71225FFCB1E}.Debug|Any CPU.Build.0 = Debug|Any CPU
		{60B7FF05-BB84-4E78-81BA-E71225FFCB1E}.Release|Any CPU.ActiveCfg = Release|Any CPU
		{60B7FF05-BB84-4E78-81BA-E71225FFCB1E}.Release|Any CPU.Build.0 = Release|Any CPU
	EndGlobalSection
	GlobalSection(SolutionProperties) = preSolution
		HideSolutionNode = FALSE
	EndGlobalSection
	GlobalSection(ExtensibilityGlobals) = postSolution
		SolutionGuid = {40308A4B-27A5-44D4-9BA3-63062084B0F1}
	EndGlobalSection
EndGlobal
